# THIS IS AN AUTOGENERATED FILE. DO NOT EDIT THIS FILE DIRECTLY.
# yarn lockfile v1


"@types/bun@latest":
  version "1.1.6"
  resolved "https://registry.yarnpkg.com/@types/bun/-/bun-1.1.6.tgz#90ea30fbbc0391484448acdf84928ab9f1e3f423"
  integrity sha512-uJgKjTdX0GkWEHZzQzFsJkWp5+43ZS7HC8sZPFnOwnSo1AsNl2q9o2bFeS23disNDqbggEgyFkKCHl/w8iZsMA==
  dependencies:
    bun-types "1.1.17"

"@types/node@*":
  version "20.14.9"
  resolved "https://registry.yarnpkg.com/@types/node/-/node-20.14.9.tgz#12e8e765ab27f8c421a1820c99f5f313a933b420"
  integrity sha512-06OCtnTXtWOZBJlRApleWndH4JsRVs1pDCc8dLSQp+7PpUpX3ePdHyeNSFTeSe7FtKyQkrlPvHwJOW3SLd8Oyg==
  dependencies:
    undici-types "~5.26.4"

"@types/node@~20.12.8":
  version "20.12.14"
  resolved "https://registry.yarnpkg.com/@types/node/-/node-20.12.14.tgz#0c5cf7ef26aedfd64b0539bba9380ed1f57dcc77"
  integrity sha512-scnD59RpYD91xngrQQLGkE+6UrHUPzeKZWhhjBSa3HSkwjbQc38+q3RoIVEwxQGRw3M+j5hpNAM+lgV3cVormg==
  dependencies:
    undici-types "~5.26.4"

"@types/ws@~8.5.10":
  version "8.5.10"
  resolved "https://registry.yarnpkg.com/@types/ws/-/ws-8.5.10.tgz#4acfb517970853fa6574a3a6886791d04a396787"
  integrity sha512-vmQSUcfalpIq0R9q7uTo2lXs6eGIpt9wtnLdMv9LVpIjCA/+ufZRozlVoVelIYixx1ugCBKDhn89vnsEGOCx9A==
  dependencies:
    "@types/node" "*"

bun-types@1.1.17:
  version "1.1.17"
  resolved "https://registry.yarnpkg.com/bun-types/-/bun-types-1.1.17.tgz#5a9e1ba32ab0f156db3b4db2bb22187bfd0090e6"
  integrity sha512-Z4+OplcSd/YZq7ZsrfD00DKJeCwuNY96a1IDJyR73+cTBaFIS7SC6LhpY/W3AMEXO9iYq5NJ58WAwnwL1p5vKg==
  dependencies:
    "@types/node" "~20.12.8"
    "@types/ws" "~8.5.10"

hono@^4.4.11:
  version "4.4.11"
  resolved "https://registry.yarnpkg.com/hono/-/hono-4.4.11.tgz#e890b9c177e8d304e1cda1c541d24077814ee1c6"
  integrity sha512-R5RADpjoRsR3/VsnFovpsYNLPnC1f+FgdfsePk3qIgjb4D41Sg7uW5QCj41kzEOwXCjBg0sVvOZMvUNZ0DKB7g==

undici-types@~5.26.4:
  version "5.26.5"
  resolved "https://registry.yarnpkg.com/undici-types/-/undici-types-5.26.5.tgz#bcd539893d00b56e964fd2657a4866b221a65617"
  integrity sha512-JlCMO+ehdEIKqlFxk6IfVoAUVmgz7cU7zD/h9XZ0qzeosSHmUJVOzSQvvYSYWXkFXC+IfLKSIffhv0sVZup6pA==
